
Microsoft Visual Studio Solution File, Format Version 12.00
# Visual Studio Version 17
VisualStudioVersion = 17.10.35013.160
MinimumVisualStudioVersion = 10.0.40219.1
Project("{FAE04EC0-301F-11D3-BF4B-00C04F79EFBC}") = "RRHH_Proyecto", "RRHH_Proyecto\RRHH_Proyecto.csproj", "{01AA0BBD-34AD-4DDB-AF00-2B7EEFDAE363}"
EndProject
Global
	GlobalSection(SolutionConfigurationPlatforms) = preSolution
		Debug|Any CPU = Debug|Any CPU
		Release|Any CPU = Release|Any CPU
	EndGlobalSection
	GlobalSection(ProjectConfigurationPlatforms) = postSolution
		{01AA0BBD-34AD-4DDB-AF00-2B7EEFDAE363}.Debug|Any CPU.ActiveCfg = Debug|Any CPU
		{01AA0BBD-34AD-4DDB-AF00-2B7EEFDAE363}.Debug|Any CPU.Build.0 = Debug|Any CPU
		{01AA0BBD-34AD-4DDB-AF00-2B7EEFDAE363}.Release|Any CPU.ActiveCfg = Release|Any CPU
		{01AA0BBD-34AD-4DDB-AF00-2B7EEFDAE363}.Release|Any CPU.Build.0 = Release|Any CPU
	EndGlobalSection
	GlobalSection(SolutionProperties) = preSolution
		HideSolutionNode = FALSE
	EndGlobalSection
	GlobalSection(ExtensibilityGlobals) = postSolution
		SolutionGuid = {88AA807C-87EC-4561-9A8A-C5191E9B9938}
	EndGlobalSection
EndGlobal
